Microsoft Visual Studio Solution File, Format Version 11.00
# Visual Studio 2008

Project("{FBB55E20-6345-5ED2-A473-5239F32799D2}") = "projectDinner", "Assembly-CSharp.csproj", "{64C4FC6C-3844-D66B-7BEB-5C6B9088784A}"
EndProject
Global
	GlobalSection(SolutionConfigurationPlatforms) = preSolution
		Debug|Any CPU = Debug|Any CPU
		Release|Any CPU = Release|Any CPU
	EndGlobalSection
	GlobalSection(ProjectConfigurationPlatforms) = postSolution
		{64C4FC6C-3844-D66B-7BEB-5C6B9088784A}.Debug|Any CPU.ActiveCfg = Debug|Any CPU
		{64C4FC6C-3844-D66B-7BEB-5C6B9088784A}.Debug|Any CPU.Build.0 = Debug|Any CPU
		{64C4FC6C-3844-D66B-7BEB-5C6B9088784A}.Release|Any CPU.ActiveCfg = Release|Any CPU
		{64C4FC6C-3844-D66B-7BEB-5C6B9088784A}.Release|Any CPU.Build.0 = Release|Any CPU
	EndGlobalSection
	GlobalSection(SolutionProperties) = preSolution
		HideSolutionNode = FALSE
	EndGlobalSection
	GlobalSection(MonoDevelopProperties) = preSolution
		StartupItem = Assembly-CSharp.csproj
	EndGlobalSection
EndGlobal
